# THIS IS AN AUTOGENERATED FILE. DO NOT EDIT THIS FILE DIRECTLY.
# yarn lockfile v1


"@robo-jedi-pl/agritwin-shared@github:RoboJediPL/NemoClaw-agritwin-dairy-agentic-ai-platform-shared#main":
  version "0.1.0"
  resolved "https://codeload.github.com/RoboJediPL/NemoClaw-agritwin-dairy-agentic-ai-platform-shared/tar.gz/57fe252c6453627e55ea01477723feefe723d30c"
